
Microsoft Visual Studio Solution File, Format Version 12.00
# Visual Studio Version 16
VisualStudioVersion = 16.0.31515.178
MinimumVisualStudioVersion = 10.0.40219.1
Project("{FAE04EC0-301F-11D3-BF4B-00C04F79EFBC}") = "Lexikar 2", "Lexikar 2\Lexikar 2.csproj", "{83434BCA-181A-4846-9526-6CC9B5C7405F}"
EndProject
Global
	GlobalSection(SolutionConfigurationPlatforms) = preSolution
		Debug|Any CPU = Debug|Any CPU
		Release|Any CPU = Release|Any CPU
	EndGlobalSection
	GlobalSection(ProjectConfigurationPlatforms) = postSolution
		{83434BCA-181A-4846-9526-6CC9B5C7405F}.Debug|Any CPU.ActiveCfg = Debug|Any CPU
		{83434BCA-181A-4846-9526-6CC9B5C7405F}.Debug|Any CPU.Build.0 = Debug|Any CPU
		{83434BCA-181A-4846-9526-6CC9B5C7405F}.Release|Any CPU.ActiveCfg = Release|Any CPU
		{83434BCA-181A-4846-9526-6CC9B5C7405F}.Release|Any CPU.Build.0 = Release|Any CPU
	EndGlobalSection
	GlobalSection(SolutionProperties) = preSolution
		HideSolutionNode = FALSE
	EndGlobalSection
	GlobalSection(ExtensibilityGlobals) = postSolution
		SolutionGuid = {AA1E4571-EF96-450D-B3A0-E0F9B159F85B}
	EndGlobalSection
EndGlobal
